// !$*UTF8*$!
{
	archiveVersion = 1;
	classes = {
	};
	objectVersion = 55;
	objects = {

/* Begin PBXBuildFile section */
		060D3AD12853899C007B2881 /* main.swift in Sources */ = {isa = PBXBuildFile; fileRef = 060D3AD02853899C007B2881 /* main.swift */; };
/* End PBXBuildFile section */

/* Begin PBXCopyFilesBuildPhase section */
		060D3ACB2853899C007B2881 /* CopyFiles */ = {
			isa = PBXCopyFilesBuildPhase;
			buildActionMask = 2147483647;
			dstPath = /usr/share/man/man1/;
			dstSubfolderSpec = 0;
			files = (
			);
			runOnlyForDeploymentPostprocessing = 1;
		};
/* End PBXCopyFilesBuildPhase section */

/* Begin PBXFileReference section */
		060D3ACD2853899C007B2881 /* SwiftCore */ = {isa = PBXFileReference; explicitFileType = "compiled.mach-o.executable"; includeInIndex = 0; path = SwiftCore; sourceTree = BUILT_PRODUCTS_DIR; };
		060D3AD02853899C007B2881 /* main.swift */ = {isa = PBXFileReference; lastKnownFileType = sourcecode.swift; path = main.swift; sourceTree = "<group>"; };
		060D3AD8285389BC007B2881 /* Print.swift */ = {isa = PBXFileReference; lastKnownFileType = sourcecode.swift; path = Print.swift; sourceTree = "<group>"; };
		060D3AD9285389BC007B2881 /* UnicodeScalarProperties.swift */ = {isa = PBXFileReference; lastKnownFileType = sourcecode.swift; path = UnicodeScalarProperties.swift; sourceTree = "<group>"; };
		060D3ADA285389BC007B2881 /* UnsafeRawPointer.swift */ = {isa = PBXFileReference; lastKnownFileType = sourcecode.swift; path = UnsafeRawPointer.swift; sourceTree = "<group>"; };
		060D3ADB285389BC007B2881 /* ThreadLocalStorage.swift */ = {isa = PBXFileReference; lastKnownFileType = sourcecode.swift; path = ThreadLocalStorage.swift; sourceTree = "<group>"; };
		060D3ADC285389BC007B2881 /* StringUTF8Validation.swift */ = {isa = PBXFileReference; lastKnownFileType = sourcecode.swift; path = StringUTF8Validation.swift; sourceTree = "<group>"; };
		060D3ADD285389BC007B2881 /* UnicodeSPI.swift */ = {isa = PBXFileReference; lastKnownFileType = sourcecode.swift; path = UnicodeSPI.swift; sourceTree = "<group>"; };
		060D3ADE285389BC007B2881 /* FloatingPointTypes.swift.gyb */ = {isa = PBXFileReference; lastKnownFileType = text; path = FloatingPointTypes.swift.gyb; sourceTree = "<group>"; };
		060D3ADF285389BC007B2881 /* StringGutsSlice.swift */ = {isa = PBXFileReference; lastKnownFileType = sourcecode.swift; path = StringGutsSlice.swift; sourceTree = "<group>"; };
		060D3AE0285389BC007B2881 /* UIntBuffer.swift */ = {isa = PBXFileReference; lastKnownFileType = sourcecode.swift; path = UIntBuffer.swift; sourceTree = "<group>"; };
		060D3AE1285389BC007B2881 /* SetAnyHashableExtensions.swift */ = {isa = PBXFileReference; lastKnownFileType = sourcecode.swift; path = SetAnyHashableExtensions.swift; sourceTree = "<group>"; };
		060D3AE2285389BC007B2881 /* MutableCollection.swift */ = {isa = PBXFileReference; lastKnownFileType = sourcecode.swift; path = MutableCollection.swift; sourceTree = "<group>"; };
		060D3AE3285389BC007B2881 /* RandomAccessCollection.swift */ = {isa = PBXFileReference; lastKnownFileType = sourcecode.swift; path = RandomAccessCollection.swift; sourceTree = "<group>"; };
		060D3AE4285389BC007B2881 /* Random.swift */ = {isa = PBXFileReference; lastKnownFileType = sourcecode.swift; path = Random.swift; sourceTree = "<group>"; };
		060D3AE5285389BC007B2881 /* Integers.swift */ = {isa = PBXFileReference; lastKnownFileType = sourcecode.swift; path = Integers.swift; sourceTree = "<group>"; };
		060D3AE6285389BC007B2881 /* LifetimeManager.swift */ = {isa = PBXFileReference; lastKnownFileType = sourcecode.swift; path = LifetimeManager.swift; sourceTree = "<group>"; };
		060D3AE7285389BC007B2881 /* BridgeObjectiveC.swift */ = {isa = PBXFileReference; lastKnownFileType = sourcecode.swift; path = BridgeObjectiveC.swift; sourceTree = "<group>"; };
		060D3AE8285389BC007B2881 /* ASCII.swift */ = {isa = PBXFileReference; lastKnownFileType = sourcecode.swift; path = ASCII.swift; sourceTree = "<group>"; };
		060D3AE9285389BC007B2881 /* PrefixWhile.swift */ = {isa = PBXFileReference; lastKnownFileType = sourcecode.swift; path = PrefixWhile.swift; sourceTree = "<group>"; };
		060D3AEA285389BC007B2881 /* Hashable.swift */ = {isa = PBXFileReference; lastKnownFileType = sourcecode.swift; path = Hashable.swift; sourceTree = "<group>"; };
		060D3AEB285389BC007B2881 /* BridgingBuffer.swift */ = {isa = PBXFileReference; lastKnownFileType = sourcecode.swift; path = BridgingBuffer.swift; sourceTree = "<group>"; };
		060D3AEC285389BC007B2881 /* Diffing.swift */ = {isa = PBXFileReference; lastKnownFileType = sourcecode.swift; path = Diffing.swift; sourceTree = "<group>"; };
		060D3AED285389BC007B2881 /* CollectionDifference.swift */ = {isa = PBXFileReference; lastKnownFileType = sourcecode.swift; path = CollectionDifference.swift; sourceTree = "<group>"; };
		060D3AEE285389BC007B2881 /* NativeDictionary.swift */ = {isa = PBXFileReference; lastKnownFileType = sourcecode.swift; path = NativeDictionary.swift; sourceTree = "<group>"; };
		060D3AEF285389BC007B2881 /* DictionaryStorage.swift */ = {isa = PBXFileReference; lastKnownFileType = sourcecode.swift; path = DictionaryStorage.swift; sourceTree = "<group>"; };
		060D3AF0285389BC007B2881 /* StringIndexConversions.swift */ = {isa = PBXFileReference; lastKnownFileType = sourcecode.swift; path = StringIndexConversions.swift; sourceTree = "<group>"; };
		060D3AF1285389BC007B2881 /* Mirrors.swift */ = {isa = PBXFileReference; lastKnownFileType = sourcecode.swift; path = Mirrors.swift; sourceTree = "<group>"; };
		060D3AF2285389BC007B2881 /* EmptyCollection.swift */ = {isa = PBXFileReference; lastKnownFileType = sourcecode.swift; path = EmptyCollection.swift; sourceTree = "<group>"; };
		060D3AF3285389BC007B2881 /* IntegerParsing.swift */ = {isa = PBXFileReference; lastKnownFileType = sourcecode.swift; path = IntegerParsing.swift; sourceTree = "<group>"; };
		060D3AF4285389BC007B2881 /* Array.swift */ = {isa = PBXFileReference; lastKnownFileType = sourcecode.swift; path = Array.swift; sourceTree = "<group>"; };
		060D3AF5285389BC007B2881 /* CMakeLists.txt */ = {isa = PBXFileReference; lastKnownFileType = text; path = CMakeLists.txt; sourceTree = "<group>"; };
		060D3AF6285389BC007B2881 /* MemoryLayout.swift */ = {isa = PBXFileReference; lastKnownFileType = sourcecode.swift; path = MemoryLayout.swift; sourceTree = "<group>"; };
		060D3AF7285389BC007B2881 /* Unicode.swift */ = {isa = PBXFileReference; lastKnownFileType = sourcecode.swift; path = Unicode.swift; sourceTree = "<group>"; };
		060D3AF8285389BC007B2881 /* IntegerTypes.swift.gyb */ = {isa = PBXFileReference; lastKnownFileType = text; path = IntegerTypes.swift.gyb; sourceTree = "<group>"; };
		060D3AF9285389BC007B2881 /* Pointer.swift */ = {isa = PBXFileReference; lastKnownFileType = sourcecode.swift; path = Pointer.swift; sourceTree = "<group>"; };
		060D3AFA285389BC007B2881 /* StringComparable.swift */ = {isa = PBXFileReference; lastKnownFileType = sourcecode.swift; path = StringComparable.swift; sourceTree = "<group>"; };
		060D3AFB285389BC007B2881 /* StringBreadcrumbs.swift */ = {isa = PBXFileReference; lastKnownFileType = sourcecode.swift; path = StringBreadcrumbs.swift; sourceTree = "<group>"; };
		060D3AFC285389BC007B2881 /* SetBuilder.swift */ = {isa = PBXFileReference; lastKnownFileType = sourcecode.swift; path = SetBuilder.swift; sourceTree = "<group>"; };
		060D3AFD285389BC007B2881 /* Collection.swift */ = {isa = PBXFileReference; lastKnownFileType = sourcecode.swift; path = Collection.swift; sourceTree = "<group>"; };
		060D3AFE285389BC007B2881 /* ShadowProtocols.swift */ = {isa = PBXFileReference; lastKnownFileType = sourcecode.swift; path = ShadowProtocols.swift; sourceTree = "<group>"; };
		060D3AFF285389BC007B2881 /* Assert.swift */ = {isa = PBXFileReference; lastKnownFileType = sourcecode.swift; path = Assert.swift; sourceTree = "<group>"; };
		060D3B00285389BC007B2881 /* ArrayShared.swift */ = {isa = PBXFileReference; lastKnownFileType = sourcecode.swift; path = ArrayShared.swift; sourceTree = "<group>"; };
		060D3B01285389BC007B2881 /* SIMDVector.swift */ = {isa = PBXFileReference; lastKnownFileType = sourcecode.swift; path = SIMDVector.swift; sourceTree = "<group>"; };
		060D3B02285389BC007B2881 /* CString.swift */ = {isa = PBXFileReference; lastKnownFileType = sourcecode.swift; path = CString.swift; sourceTree = "<group>"; };
		060D3B03285389BC007B2881 /* Join.swift */ = {isa = PBXFileReference; lastKnownFileType = sourcecode.swift; path = Join.swift; sourceTree = "<group>"; };
		060D3B04285389BC007B2881 /* Comparable.swift */ = {isa = PBXFileReference; lastKnownFileType = sourcecode.swift; path = Comparable.swift; sourceTree = "<group>"; };
		060D3B05285389BC007B2881 /* CommandLine.swift */ = {isa = PBXFileReference; lastKnownFileType = sourcecode.swift; path = CommandLine.swift; sourceTree = "<group>"; };
		060D3B06285389BC007B2881 /* ManagedBuffer.swift */ = {isa = PBXFileReference; lastKnownFileType = sourcecode.swift; path = ManagedBuffer.swift; sourceTree = "<group>"; };
		060D3B07285389BC007B2881 /* StringBridge.swift */ = {isa = PBXFileReference; lastKnownFileType = sourcecode.swift; path = StringBridge.swift; sourceTree = "<group>"; };
		060D3B08285389BC007B2881 /* UnicodeHelpers.swift */ = {isa = PBXFileReference; lastKnownFileType = sourcecode.swift; path = UnicodeHelpers.swift; sourceTree = "<group>"; };
		060D3B09285389BC007B2881 /* ArraySlice.swift */ = {isa = PBXFileReference; lastKnownFileType = sourcecode.swift; path = ArraySlice.swift; sourceTree = "<group>"; };
		060D3B0A285389BC007B2881 /* UnicodeGraphemeBreakProperty.swift */ = {isa = PBXFileReference; lastKnownFileType = sourcecode.swift; path = UnicodeGraphemeBreakProperty.swift; sourceTree = "<group>"; };
		060D3B0B285389BC007B2881 /* UnsafeBufferPointer.swift.gyb */ = {isa = PBXFileReference; lastKnownFileType = text; path = UnsafeBufferPointer.swift.gyb; sourceTree = "<group>"; };
		060D3B0C285389BC007B2881 /* CollectionAlgorithms.swift */ = {isa = PBXFileReference; lastKnownFileType = sourcecode.swift; path = CollectionAlgorithms.swift; sourceTree = "<group>"; };
		060D3B0D285389BC007B2881 /* SwiftNativeNSArray.swift */ = {isa = PBXFileReference; lastKnownFileType = sourcecode.swift; path = SwiftNativeNSArray.swift; sourceTree = "<group>"; };
		060D3B0E285389BC007B2881 /* SliceBuffer.swift */ = {isa = PBXFileReference; lastKnownFileType = sourcecode.swift; path = SliceBuffer.swift; sourceTree = "<group>"; };
		060D3B0F285389BC007B2881 /* KeyValuePairs.swift */ = {isa = PBXFileReference; lastKnownFileType = sourcecode.swift; path = KeyValuePairs.swift; sourceTree = "<group>"; };
		060D3B10285389BC007B2881 /* LegacyABI.swift */ = {isa = PBXFileReference; lastKnownFileType = sourcecode.swift; path = LegacyABI.swift; sourceTree = "<group>"; };
		060D3B11285389BC007B2881 /* Runtime.swift */ = {isa = PBXFileReference; lastKnownFileType = sourcecode.swift; path = Runtime.swift; sourceTree = "<group>"; };
		060D3B12285389BC007B2881 /* StaticString.swift */ = {isa = PBXFileReference; lastKnownFileType = sourcecode.swift; path = StaticString.swift; sourceTree = "<group>"; };
		060D3B13285389BC007B2881 /* Unmanaged.swift */ = {isa = PBXFileReference; lastKnownFileType = sourcecode.swift; path = Unmanaged.swift; sourceTree = "<group>"; };
		060D3B14285389BC007B2881 /* UnmanagedOpaqueString.swift */ = {isa = PBXFileReference; lastKnownFileType = sourcecode.swift; path = UnmanagedOpaqueString.swift; sourceTree = "<group>"; };
		060D3B15285389BC007B2881 /* VarArgs.swift */ = {isa = PBXFileReference; lastKnownFileType = sourcecode.swift; path = VarArgs.swift; sourceTree = "<group>"; };
		060D3B16285389BC007B2881 /* Policy.swift */ = {isa = PBXFileReference; lastKnownFileType = sourcecode.swift; path = Policy.swift; sourceTree = "<group>"; };
		060D3B17285389BC007B2881 /* ContiguouslyStored.swift */ = {isa = PBXFileReference; lastKnownFileType = sourcecode.swift; path = ContiguouslyStored.swift; sourceTree = "<group>"; };
		060D3B18285389BC007B2881 /* SetStorage.swift */ = {isa = PBXFileReference; lastKnownFileType = sourcecode.swift; path = SetStorage.swift; sourceTree = "<group>"; };
		060D3B19285389BC007B2881 /* StringUTF8View.swift */ = {isa = PBXFileReference; lastKnownFileType = sourcecode.swift; path = StringUTF8View.swift; sourceTree = "<group>"; };
		060D3B1A285389BC007B2881 /* StringTesting.swift */ = {isa = PBXFileReference; lastKnownFileType = sourcecode.swift; path = StringTesting.swift; sourceTree = "<group>"; };
		060D3B1B285389BC007B2881 /* Dump.swift */ = {isa = PBXFileReference; lastKnownFileType = sourcecode.swift; path = Dump.swift; sourceTree = "<group>"; };
		060D3B1C285389BC007B2881 /* ArrayCast.swift */ = {isa = PBXFileReference; lastKnownFileType = sourcecode.swift; path = ArrayCast.swift; sourceTree = "<group>"; };
		060D3B1D285389BC007B2881 /* RuntimeFunctionCounters.swift */ = {isa = PBXFileReference; lastKnownFileType = sourcecode.swift; path = RuntimeFunctionCounters.swift; sourceTree = "<group>"; };
		060D3B1E285389BC007B2881 /* MigrationSupport.swift */ = {isa = PBXFileReference; lastKnownFileType = sourcecode.swift; path = MigrationSupport.swift; sourceTree = "<group>"; };
		060D3B1F285389BC007B2881 /* Character.swift */ = {isa = PBXFileReference; lastKnownFileType = sourcecode.swift; path = Character.swift; sourceTree = "<group>"; };
		060D3B20285389BC007B2881 /* Instant.swift */ = {isa = PBXFileReference; lastKnownFileType = sourcecode.swift; path = Instant.swift; sourceTree = "<group>"; };
		060D3B21285389BC007B2881 /* SIMDConcreteOperations.swift.gyb */ = {isa = PBXFileReference; lastKnownFileType = text; path = SIMDConcreteOperations.swift.gyb; sourceTree = "<group>"; };
		060D3B22285389BC007B2881 /* DebuggerSupport.swift */ = {isa = PBXFileReference; lastKnownFileType = sourcecode.swift; path = DebuggerSupport.swift; sourceTree = "<group>"; };
		060D3B23285389BC007B2881 /* StringGuts.swift */ = {isa = PBXFileReference; lastKnownFileType = sourcecode.swift; path = StringGuts.swift; sourceTree = "<group>"; };
		060D3B24285389BC007B2881 /* AnyHashable.swift */ = {isa = PBXFileReference; lastKnownFileType = sourcecode.swift; path = AnyHashable.swift; sourceTree = "<group>"; };
		060D3B25285389BC007B2881 /* GroupInfo.json */ = {isa = PBXFileReference; lastKnownFileType = text.json; path = GroupInfo.json; sourceTree = "<group>"; };
		060D3B26285389BC007B2881 /* UnicodeEncoding.swift */ = {isa = PBXFileReference; lastKnownFileType = sourcecode.swift; path = UnicodeEncoding.swift; sourceTree = "<group>"; };
		060D3B27285389BC007B2881 /* StringNormalization.swift */ = {isa = PBXFileReference; lastKnownFileType = sourcecode.swift; path = StringNormalization.swift; sourceTree = "<group>"; };
		060D3B28285389BC007B2881 /* FlatMap.swift */ = {isa = PBXFileReference; lastKnownFileType = sourcecode.swift; path = FlatMap.swift; sourceTree = "<group>"; };
		060D3B29285389BC007B2881 /* Result.swift */ = {isa = PBXFileReference; lastKnownFileType = sourcecode.swift; path = Result.swift; sourceTree = "<group>"; };
		060D3B2A285389BC007B2881 /* Tuple.swift.gyb */ = {isa = PBXFileReference; lastKnownFileType = text; path = Tuple.swift.gyb; sourceTree = "<group>"; };
		060D3B2B285389BC007B2881 /* StringUnicodeScalarView.swift */ = {isa = PBXFileReference; lastKnownFileType = sourcecode.swift; path = StringUnicodeScalarView.swift; sourceTree = "<group>"; };
		060D3B2C285389BC007B2881 /* UnicodeData.swift */ = {isa = PBXFileReference; lastKnownFileType = sourcecode.swift; path = UnicodeData.swift; sourceTree = "<group>"; };
		060D3B2D285389BC007B2881 /* StringRangeReplaceableCollection.swift */ = {isa = PBXFileReference; lastKnownFileType = sourcecode.swift; path = StringRangeReplaceableCollection.swift; sourceTree = "<group>"; };
		060D3B2E285389BC007B2881 /* StringInterpolation.swift */ = {isa = PBXFileReference; lastKnownFileType = sourcecode.swift; path = StringInterpolation.swift; sourceTree = "<group>"; };
		060D3B2F285389BC007B2881 /* StringComparison.swift */ = {isa = PBXFileReference; lastKnownFileType = sourcecode.swift; path = StringComparison.swift; sourceTree = "<group>"; };
		060D3B30285389BC007B2881 /* BridgeStorage.swift */ = {isa = PBXFileReference; lastKnownFileType = sourcecode.swift; path = BridgeStorage.swift; sourceTree = "<group>"; };
		060D3B31285389BC007B2881 /* ReflectionMirror.swift */ = {isa = PBXFileReference; lastKnownFileType = sourcecode.swift; path = ReflectionMirror.swift; sourceTree = "<group>"; };
		060D3B32285389BC007B2881 /* Sequence.swift */ = {isa = PBXFileReference; lastKnownFileType = sourcecode.swift; path = Sequence.swift; sourceTree = "<group>"; };
		060D3B33285389BC007B2881 /* PlaygroundDisplay.swift */ = {isa = PBXFileReference; lastKnownFileType = sourcecode.swift; path = PlaygroundDisplay.swift; sourceTree = "<group>"; };
		060D3B34285389BC007B2881 /* TemporaryAllocation.swift */ = {isa = PBXFileReference; lastKnownFileType = sourcecode.swift; path = TemporaryAllocation.swift; sourceTree = "<group>"; };
		060D3B35285389BC007B2881 /* StringLegacy.swift */ = {isa = PBXFileReference; lastKnownFileType = sourcecode.swift; path = StringLegacy.swift; sourceTree = "<group>"; };
		060D3B36285389BC007B2881 /* Misc.swift */ = {isa = PBXFileReference; lastKnownFileType = sourcecode.swift; path = Misc.swift; sourceTree = "<group>"; };
		060D3B37285389BC007B2881 /* Availability.swift */ = {isa = PBXFileReference; lastKnownFileType = sourcecode.swift; path = Availability.swift; sourceTree = "<group>"; };
		060D3B38285389BC007B2881 /* Range.swift */ = {isa = PBXFileReference; lastKnownFileType = sourcecode.swift; path = Range.swift; sourceTree = "<group>"; };
		060D3B39285389BC007B2881 /* BuiltinMath.swift */ = {isa = PBXFileReference; lastKnownFileType = sourcecode.swift; path = BuiltinMath.swift; sourceTree = "<group>"; };
		060D3B3A285389BC007B2881 /* Substring.swift */ = {isa = PBXFileReference; lastKnownFileType = sourcecode.swift; path = Substring.swift; sourceTree = "<group>"; };
		060D3B3B285389BC007B2881 /* WriteBackMutableSlice.swift */ = {isa = PBXFileReference; lastKnownFileType = sourcecode.swift; path = WriteBackMutableSlice.swift; sourceTree = "<group>"; };
		060D3B3C285389BC007B2881 /* DictionaryBuilder.swift */ = {isa = PBXFileReference; lastKnownFileType = sourcecode.swift; path = DictionaryBuilder.swift; sourceTree = "<group>"; };
		060D3B3D285389BC007B2881 /* Algorithm.swift */ = {isa = PBXFileReference; lastKnownFileType = sourcecode.swift; path = Algorithm.swift; sourceTree = "<group>"; };
		060D3B3E285389BC007B2881 /* ArrayBuffer.swift */ = {isa = PBXFileReference; lastKnownFileType = sourcecode.swift; path = ArrayBuffer.swift; sourceTree = "<group>"; };
		060D3B3F285389BC007B2881 /* ArrayType.swift */ = {isa = PBXFileReference; lastKnownFileType = sourcecode.swift; path = ArrayType.swift; sourceTree = "<group>"; };
		060D3B40285389BC007B2881 /* ArrayBufferProtocol.swift */ = {isa = PBXFileReference; lastKnownFileType = sourcecode.swift; path = ArrayBufferProtocol.swift; sourceTree = "<group>"; };
		060D3B41285389BC007B2881 /* Indices.swift */ = {isa = PBXFileReference; lastKnownFileType = sourcecode.swift; path = Indices.swift; sourceTree = "<group>"; };
		060D3B42285389BC007B2881 /* Reverse.swift */ = {isa = PBXFileReference; lastKnownFileType = sourcecode.swift; path = Reverse.swift; sourceTree = "<group>"; };
		060D3B43285389BC007B2881 /* Repeat.swift */ = {isa = PBXFileReference; lastKnownFileType = sourcecode.swift; path = Repeat.swift; sourceTree = "<group>"; };
		060D3B44285389BC007B2881 /* SmallString.swift */ = {isa = PBXFileReference; lastKnownFileType = sourcecode.swift; path = SmallString.swift; sourceTree = "<group>"; };
		060D3B45285389BC007B2881 /* FloatingPoint.swift */ = {isa = PBXFileReference; lastKnownFileType = sourcecode.swift; path = FloatingPoint.swift; sourceTree = "<group>"; };
		060D3B46285389BC007B2881 /* StringGutsRangeReplaceable.swift */ = {isa = PBXFileReference; lastKnownFileType = sourcecode.swift; path = StringGutsRangeReplaceable.swift; sourceTree = "<group>"; };
		060D3B47285389BC007B2881 /* Codable.swift */ = {isa = PBXFileReference; lastKnownFileType = sourcecode.swift; path = Codable.swift; sourceTree = "<group>"; };
		060D3B48285389BC007B2881 /* SetVariant.swift */ = {isa = PBXFileReference; lastKnownFileType = sourcecode.swift; path = SetVariant.swift; sourceTree = "<group>"; };
		060D3B49285389BC007B2881 /* Hasher.swift */ = {isa = PBXFileReference; lastKnownFileType = sourcecode.swift; path = Hasher.swift; sourceTree = "<group>"; };
		060D3B4A285389BC007B2881 /* SetAlgebra.swift */ = {isa = PBXFileReference; lastKnownFileType = sourcecode.swift; path = SetAlgebra.swift; sourceTree = "<group>"; };
		060D3B4B285389BC007B2881 /* UnsafeRawBufferPointer.swift.gyb */ = {isa = PBXFileReference; lastKnownFileType = text; path = UnsafeRawBufferPointer.swift.gyb; sourceTree = "<group>"; };
		060D3B4C285389BC007B2881 /* UTF32.swift */ = {isa = PBXFileReference; lastKnownFileType = sourcecode.swift; path = UTF32.swift; sourceTree = "<group>"; };
		060D3B4D285389BC007B2881 /* DictionaryCasting.swift */ = {isa = PBXFileReference; lastKnownFileType = sourcecode.swift; path = DictionaryCasting.swift; sourceTree = "<group>"; };
		060D3B4E285389BC007B2881 /* Int128.swift.gyb */ = {isa = PBXFileReference; lastKnownFileType = text; path = Int128.swift.gyb; sourceTree = "<group>"; };
		060D3B4F285389BC007B2881 /* PtrAuth.swift */ = {isa = PBXFileReference; lastKnownFileType = sourcecode.swift; path = PtrAuth.swift; sourceTree = "<group>"; };
		060D3B50285389BC007B2881 /* UTF16.swift */ = {isa = PBXFileReference; lastKnownFileType = sourcecode.swift; path = UTF16.swift; sourceTree = "<group>"; };
		060D3B51285389BC007B2881 /* FloatingPointRandom.swift */ = {isa = PBXFileReference; lastKnownFileType = sourcecode.swift; path = FloatingPointRandom.swift; sourceTree = "<group>"; };
		060D3B52285389BC007B2881 /* Equatable.swift */ = {isa = PBXFileReference; lastKnownFileType = sourcecode.swift; path = Equatable.swift; sourceTree = "<group>"; };
		060D3B53285389BC007B2881 /* InputStream.swift */ = {isa = PBXFileReference; lastKnownFileType = sourcecode.swift; path = InputStream.swift; sourceTree = "<group>"; };
		060D3B54285389BC007B2881 /* CompilerProtocols.swift */ = {isa = PBXFileReference; lastKnownFileType = sourcecode.swift; path = CompilerProtocols.swift; sourceTree = "<group>"; };
		060D3B55285389BC007B2881 /* NFC.swift */ = {isa = PBXFileReference; lastKnownFileType = sourcecode.swift; path = NFC.swift; sourceTree = "<group>"; };
		060D3B56285389BC007B2881 /* HashTable.swift */ = {isa = PBXFileReference; lastKnownFileType = sourcecode.swift; path = HashTable.swift; sourceTree = "<group>"; };
		060D3B57285389BC007B2881 /* Sort.swift */ = {isa = PBXFileReference; lastKnownFileType = sourcecode.swift; path = Sort.swift; sourceTree = "<group>"; };
		060D3B58285389BC007B2881 /* ObjectIdentifier.swift */ = {isa = PBXFileReference; lastKnownFileType = sourcecode.swift; path = ObjectIdentifier.swift; sourceTree = "<group>"; };
		060D3B59285389BC007B2881 /* REPL.swift */ = {isa = PBXFileReference; lastKnownFileType = sourcecode.swift; path = REPL.swift; sourceTree = "<group>"; };
		060D3B5A285389BC007B2881 /* ClosedRange.swift */ = {isa = PBXFileReference; lastKnownFileType = sourcecode.swift; path = ClosedRange.swift; sourceTree = "<group>"; };
		060D3B5B285389BC007B2881 /* StaticPrint.swift */ = {isa = PBXFileReference; lastKnownFileType = sourcecode.swift; path = StaticPrint.swift; sourceTree = "<group>"; };
		060D3B5C285389BC007B2881 /* NativeSet.swift */ = {isa = PBXFileReference; lastKnownFileType = sourcecode.swift; path = NativeSet.swift; sourceTree = "<group>"; };
		060D3B5D285389BC007B2881 /* OptionSet.swift */ = {isa = PBXFileReference; lastKnownFileType = sourcecode.swift; path = OptionSet.swift; sourceTree = "<group>"; };
		060D3B5E285389BC007B2881 /* Dictionary.swift */ = {isa = PBXFileReference; lastKnownFileType = sourcecode.swift; path = Dictionary.swift; sourceTree = "<group>"; };
		060D3B5F285389BC007B2881 /* StringUTF16View.swift */ = {isa = PBXFileReference; lastKnownFileType = sourcecode.swift; path = StringUTF16View.swift; sourceTree = "<group>"; };
		060D3B60285389BC007B2881 /* AtomicInt.swift.gyb */ = {isa = PBXFileReference; lastKnownFileType = text; path = AtomicInt.swift.gyb; sourceTree = "<group>"; };
		060D3B61285389BC007B2881 /* DurationProtocol.swift */ = {isa = PBXFileReference; lastKnownFileType = sourcecode.swift; path = DurationProtocol.swift; sourceTree = "<group>"; };
		060D3B62285389BC007B2881 /* EitherSequence.swift */ = {isa = PBXFileReference; lastKnownFileType = sourcecode.swift; path = EitherSequence.swift; sourceTree = "<group>"; };
		060D3B63285389BC007B2881 /* CollectionOfOne.swift */ = {isa = PBXFileReference; lastKnownFileType = sourcecode.swift; path = CollectionOfOne.swift; sourceTree = "<group>"; };
		060D3B64285389BC007B2881 /* SequenceAlgorithms.swift */ = {isa = PBXFileReference; lastKnownFileType = sourcecode.swift; path = SequenceAlgorithms.swift; sourceTree = "<group>"; };
		060D3B65285389BC007B2881 /* StringIndexValidation.swift */ = {isa = PBXFileReference; lastKnownFileType = sourcecode.swift; path = StringIndexValidation.swift; sourceTree = "<group>"; };
		060D3B66285389BC007B2881 /* Slice.swift */ = {isa = PBXFileReference; lastKnownFileType = sourcecode.swift; path = Slice.swift; sourceTree = "<group>"; };
		060D3B67285389BC007B2881 /* Flatten.swift */ = {isa = PBXFileReference; lastKnownFileType = sourcecode.swift; path = Flatten.swift; sourceTree = "<group>"; };
		060D3B68285389BC007B2881 /* Mirror.swift */ = {isa = PBXFileReference; lastKnownFileType = sourcecode.swift; path = Mirror.swift; sourceTree = "<group>"; };
		060D3B69285389BC007B2881 /* AssertCommon.swift */ = {isa = PBXFileReference; lastKnownFileType = sourcecode.swift; path = AssertCommon.swift; sourceTree = "<group>"; };
		060D3B6A285389BC007B2881 /* FloatingPointParsing.swift.gyb */ = {isa = PBXFileReference; lastKnownFileType = text; path = FloatingPointParsing.swift.gyb; sourceTree = "<group>"; };
		060D3B6B285389BC007B2881 /* Filter.swift */ = {isa = PBXFileReference; lastKnownFileType = sourcecode.swift; path = Filter.swift; sourceTree = "<group>"; };
		060D3B6C285389BC007B2881 /* String.swift */ = {isa = PBXFileReference; lastKnownFileType = sourcecode.swift; path = String.swift; sourceTree = "<group>"; };
		060D3B6D285389BC007B2881 /* ErrorType.swift */ = {isa = PBXFileReference; lastKnownFileType = sourcecode.swift; path = ErrorType.swift; sourceTree = "<group>"; };
		060D3B6E285389BC007B2881 /* StringStorageBridge.swift */ = {isa = PBXFileReference; lastKnownFileType = sourcecode.swift; path = StringStorageBridge.swift; sourceTree = "<group>"; };
		060D3B6F285389BC007B2881 /* Identifiable.swift */ = {isa = PBXFileReference; lastKnownFileType = sourcecode.swift; path = Identifiable.swift; sourceTree = "<group>"; };
		060D3B70285389BC007B2881 /* UnavailableStringAPIs.swift */ = {isa = PBXFileReference; lastKnownFileType = sourcecode.swift; path = UnavailableStringAPIs.swift; sourceTree = "<group>"; };
		060D3B71285389BC007B2881 /* StringSwitch.swift */ = {isa = PBXFileReference; lastKnownFileType = sourcecode.swift; path = StringSwitch.swift; sourceTree = "<group>"; };
		060D3B72285389BC007B2881 /* StringCharacterView.swift */ = {isa = PBXFileReference; lastKnownFileType = sourcecode.swift; path = StringCharacterView.swift; sourceTree = "<group>"; };
		060D3B73285389BC007B2881 /* UTF8.swift */ = {isa = PBXFileReference; lastKnownFileType = sourcecode.swift; path = UTF8.swift; sourceTree = "<group>"; };
		060D3B74285389BC007B2881 /* UTFEncoding.swift */ = {isa = PBXFileReference; lastKnownFileType = sourcecode.swift; path = UTFEncoding.swift; sourceTree = "<group>"; };
		060D3B75285389BC007B2881 /* KeyPath.swift */ = {isa = PBXFileReference; lastKnownFileType = sourcecode.swift; path = KeyPath.swift; sourceTree = "<group>"; };
		060D3B76285389BC007B2881 /* FixedArray.swift */ = {isa = PBXFileReference; lastKnownFileType = sourcecode.swift; path = FixedArray.swift; sourceTree = "<group>"; };
		060D3B77285389BC007B2881 /* UnicodeParser.swift */ = {isa = PBXFileReference; lastKnownFileType = sourcecode.swift; path = UnicodeParser.swift; sourceTree = "<group>"; };
		060D3B78285389BC007B2881 /* UnicodeScalar.swift */ = {isa = PBXFileReference; lastKnownFileType = sourcecode.swift; path = UnicodeScalar.swift; sourceTree = "<group>"; };
		060D3B79285389BC007B2881 /* LazySequence.swift */ = {isa = PBXFileReference; lastKnownFileType = sourcecode.swift; path = LazySequence.swift; sourceTree = "<group>"; };
		060D3B7A285389BC007B2881 /* DictionaryBridging.swift */ = {isa = PBXFileReference; lastKnownFileType = sourcecode.swift; path = DictionaryBridging.swift; sourceTree = "<group>"; };
		060D3B7B285389BC007B2881 /* Zip.swift */ = {isa = PBXFileReference; lastKnownFileType = sourcecode.swift; path = Zip.swift; sourceTree = "<group>"; };
		060D3B7C285389BC007B2881 /* Bitset.swift */ = {isa = PBXFileReference; lastKnownFileType = sourcecode.swift; path = Bitset.swift; sourceTree = "<group>"; };
		060D3B7D285389BC007B2881 /* SetCasting.swift */ = {isa = PBXFileReference; lastKnownFileType = sourcecode.swift; path = SetCasting.swift; sourceTree = "<group>"; };
		060D3B7E285389BC007B2881 /* OutputStream.swift */ = {isa = PBXFileReference; lastKnownFileType = sourcecode.swift; path = OutputStream.swift; sourceTree = "<group>"; };
		060D3B7F285389BC007B2881 /* SetBridging.swift */ = {isa = PBXFileReference; lastKnownFileType = sourcecode.swift; path = SetBridging.swift; sourceTree = "<group>"; };
		060D3B80285389BC007B2881 /* StringHashable.swift */ = {isa = PBXFileReference; lastKnownFileType = sourcecode.swift; path = StringHashable.swift; sourceTree = "<group>"; };
		060D3B81285389BC007B2881 /* StringProtocol.swift */ = {isa = PBXFileReference; lastKnownFileType = sourcecode.swift; path = StringProtocol.swift; sourceTree = "<group>"; };
		060D3B82285389BC007B2881 /* ArrayBody.swift */ = {isa = PBXFileReference; lastKnownFileType = sourcecode.swift; path = ArrayBody.swift; sourceTree = "<group>"; };
		060D3B83285389BC007B2881 /* CharacterProperties.swift */ = {isa = PBXFileReference; lastKnownFileType = sourcecode.swift; path = CharacterProperties.swift; sourceTree = "<group>"; };
		060D3B84285389BC007B2881 /* CTypes.swift */ = {isa = PBXFileReference; lastKnownFileType = sourcecode.swift; path = CTypes.swift; sourceTree = "<group>"; };
		060D3B85285389BC007B2881 /* Prespecialize.swift */ = {isa = PBXFileReference; lastKnownFileType = sourcecode.swift; path = Prespecialize.swift; sourceTree = "<group>"; };
		060D3B86285389BC007B2881 /* ExistentialCollection.swift */ = {isa = PBXFileReference; lastKnownFileType = sourcecode.swift; path = ExistentialCollection.swift; sourceTree = "<group>"; };
		060D3B87285389BC007B2881 /* StringIndex.swift */ = {isa = PBXFileReference; lastKnownFileType = sourcecode.swift; path = StringIndex.swift; sourceTree = "<group>"; };
		060D3B88285389BC007B2881 /* DropWhile.swift */ = {isa = PBXFileReference; lastKnownFileType = sourcecode.swift; path = DropWhile.swift; sourceTree = "<group>"; };
		060D3B89285389BC007B2881 /* Map.swift */ = {isa = PBXFileReference; lastKnownFileType = sourcecode.swift; path = Map.swift; sourceTree = "<group>"; };
		060D3B8A285389BC007B2881 /* DictionaryVariant.swift */ = {isa = PBXFileReference; lastKnownFileType = sourcecode.swift; path = DictionaryVariant.swift; sourceTree = "<group>"; };
		060D3B8B285389BC007B2881 /* Bool.swift */ = {isa = PBXFileReference; lastKnownFileType = sourcecode.swift; path = Bool.swift; sourceTree = "<group>"; };
		060D3B8C285389BC007B2881 /* StringCreate.swift */ = {isa = PBXFileReference; lastKnownFileType = sourcecode.swift; path = StringCreate.swift; sourceTree = "<group>"; };
		060D3B8D285389BC007B2881 /* BidirectionalCollection.swift */ = {isa = PBXFileReference; lastKnownFileType = sourcecode.swift; path = BidirectionalCollection.swift; sourceTree = "<group>"; };
		060D3B8E285389BC007B2881 /* SipHash.swift */ = {isa = PBXFileReference; lastKnownFileType = sourcecode.swift; path = SipHash.swift; sourceTree = "<group>"; };
		060D3B8F285389BC007B2881 /* Hashing.swift */ = {isa = PBXFileReference; lastKnownFileType = sourcecode.swift; path = Hashing.swift; sourceTree = "<group>"; };
		060D3B90285389BC007B2881 /* UnfoldSequence.swift */ = {isa = PBXFileReference; lastKnownFileType = sourcecode.swift; path = UnfoldSequence.swift; sourceTree = "<group>"; };
		060D3B91285389BC007B2881 /* ValidUTF8Buffer.swift */ = {isa = PBXFileReference; lastKnownFileType = sourcecode.swift; path = ValidUTF8Buffer.swift; sourceTree = "<group>"; };
		060D3B92285389BC007B2881 /* Optional.swift */ = {isa = PBXFileReference; lastKnownFileType = sourcecode.swift; path = Optional.swift; sourceTree = "<group>"; };
		060D3B93285389BC007B2881 /* Builtin.swift */ = {isa = PBXFileReference; lastKnownFileType = sourcecode.swift; path = Builtin.swift; sourceTree = "<group>"; };
		060D3B94285389BC007B2881 /* SIMDVectorTypes.swift.gyb */ = {isa = PBXFileReference; lastKnownFileType = text; path = SIMDVectorTypes.swift.gyb; sourceTree = "<group>"; };
		060D3B95285389BC007B2881 /* UnsafePointer.swift */ = {isa = PBXFileReference; lastKnownFileType = sourcecode.swift; path = UnsafePointer.swift; sourceTree = "<group>"; };
		060D3B96285389BC007B2881 /* NFD.swift */ = {isa = PBXFileReference; lastKnownFileType = sourcecode.swift; path = NFD.swift; sourceTree = "<group>"; };
		060D3B97285389BC007B2881 /* Set.swift */ = {isa = PBXFileReference; lastKnownFileType = sourcecode.swift; path = Set.swift; sourceTree = "<group>"; };
		060D3B98285389BC007B2881 /* ContiguousArray.swift */ = {isa = PBXFileReference; lastKnownFileType = sourcecode.swift; path = ContiguousArray.swift; sourceTree = "<group>"; };
		060D3B99285389BC007B2881 /* NewtypeWrapper.swift */ = {isa = PBXFileReference; lastKnownFileType = sourcecode.swift; path = NewtypeWrapper.swift; sourceTree = "<group>"; };
		060D3B9A285389BC007B2881 /* Sendable.swift */ = {isa = PBXFileReference; lastKnownFileType = sourcecode.swift; path = Sendable.swift; sourceTree = "<group>"; };
		060D3B9B285389BC007B2881 /* CocoaArray.swift */ = {isa = PBXFileReference; lastKnownFileType = sourcecode.swift; path = CocoaArray.swift; sourceTree = "<group>"; };
		060D3B9C285389BC007B2881 /* RangeReplaceableCollection.swift */ = {isa = PBXFileReference; lastKnownFileType = sourcecode.swift; path = RangeReplaceableCollection.swift; sourceTree = "<group>"; };
		060D3B9D285389BC007B2881 /* UnmanagedString.swift */ = {isa = PBXFileReference; lastKnownFileType = sourcecode.swift; path = UnmanagedString.swift; sourceTree = "<group>"; };
		060D3B9E285389BC007B2881 /* StringGraphemeBreaking.swift */ = {isa = PBXFileReference; lastKnownFileType = sourcecode.swift; path = StringGraphemeBreaking.swift; sourceTree = "<group>"; };
		060D3B9F285389BC007B2881 /* Stride.swift */ = {isa = PBXFileReference; lastKnownFileType = sourcecode.swift; path = Stride.swift; sourceTree = "<group>"; };
		060D3BA0285389BC007B2881 /* Duration.swift */ = {isa = PBXFileReference; lastKnownFileType = sourcecode.swift; path = Duration.swift; sourceTree = "<group>"; };
		060D3BA1285389BC007B2881 /* Shims.swift */ = {isa = PBXFileReference; lastKnownFileType = sourcecode.swift; path = Shims.swift; sourceTree = "<group>"; };
		060D3BA2285389BC007B2881 /* StringObject.swift */ = {isa = PBXFileReference; lastKnownFileType = sourcecode.swift; path = StringObject.swift; sourceTree = "<group>"; };
		060D3BA3285389BC007B2881 /* ContiguousArrayBuffer.swift */ = {isa = PBXFileReference; lastKnownFileType = sourcecode.swift; path = ContiguousArrayBuffer.swift; sourceTree = "<group>"; };
		060D3BA4285389BC007B2881 /* StringStorage.swift */ = {isa = PBXFileReference; lastKnownFileType = sourcecode.swift; path = StringStorage.swift; sourceTree = "<group>"; };
		060D3BA5285389BC007B2881 /* LazyCollection.swift */ = {isa = PBXFileReference; lastKnownFileType = sourcecode.swift; path = LazyCollection.swift; sourceTree = "<group>"; };
/* End PBXFileReference section */

/* Begin PBXFrameworksBuildPhase section */
		060D3ACA2853899C007B2881 /* Frameworks */ = {
			isa = PBXFrameworksBuildPhase;
			buildActionMask = 2147483647;
			files = (
			);
			runOnlyForDeploymentPostprocessing = 0;
		};
/* End PBXFrameworksBuildPhase section */

/* Begin PBXGroup section */
		060D3AC42853899C007B2881 = {
			isa = PBXGroup;
			children = (
				060D3ACF2853899C007B2881 /* SwiftCore */,
				060D3ACE2853899C007B2881 /* Products */,
			);
			sourceTree = "<group>";
		};
		060D3ACE2853899C007B2881 /* Products */ = {
			isa = PBXGroup;
			children = (
				060D3ACD2853899C007B2881 /* SwiftCore */,
			);
			name = Products;
			sourceTree = "<group>";
		};
		060D3ACF2853899C007B2881 /* SwiftCore */ = {
			isa = PBXGroup;
			children = (
				060D3AD7285389BC007B2881 /* core */,
				060D3AD02853899C007B2881 /* main.swift */,
			);
			path = SwiftCore;
			sourceTree = "<group>";
		};
		060D3AD7285389BC007B2881 /* core */ = {
			isa = PBXGroup;
			children = (
				060D3B60285389BC007B2881 /* AtomicInt.swift.gyb */,
				060D3B6A285389BC007B2881 /* FloatingPointParsing.swift.gyb */,
				060D3ADE285389BC007B2881 /* FloatingPointTypes.swift.gyb */,
				060D3B4E285389BC007B2881 /* Int128.swift.gyb */,
				060D3AF8285389BC007B2881 /* IntegerTypes.swift.gyb */,
				060D3B21285389BC007B2881 /* SIMDConcreteOperations.swift.gyb */,
				060D3B94285389BC007B2881 /* SIMDVectorTypes.swift.gyb */,
				060D3B2A285389BC007B2881 /* Tuple.swift.gyb */,
				060D3B0B285389BC007B2881 /* UnsafeBufferPointer.swift.gyb */,
				060D3B4B285389BC007B2881 /* UnsafeRawBufferPointer.swift.gyb */,
				060D3B25285389BC007B2881 /* GroupInfo.json */,
				060D3B3D285389BC007B2881 /* Algorithm.swift */,
				060D3B24285389BC007B2881 /* AnyHashable.swift */,
				060D3AF4285389BC007B2881 /* Array.swift */,
				060D3B82285389BC007B2881 /* ArrayBody.swift */,
				060D3B3E285389BC007B2881 /* ArrayBuffer.swift */,
				060D3B40285389BC007B2881 /* ArrayBufferProtocol.swift */,
				060D3B1C285389BC007B2881 /* ArrayCast.swift */,
				060D3B00285389BC007B2881 /* ArrayShared.swift */,
				060D3B09285389BC007B2881 /* ArraySlice.swift */,
				060D3B3F285389BC007B2881 /* ArrayType.swift */,
				060D3AE8285389BC007B2881 /* ASCII.swift */,
				060D3AFF285389BC007B2881 /* Assert.swift */,
				060D3B69285389BC007B2881 /* AssertCommon.swift */,
				060D3B37285389BC007B2881 /* Availability.swift */,
				060D3B8D285389BC007B2881 /* BidirectionalCollection.swift */,
				060D3B7C285389BC007B2881 /* Bitset.swift */,
				060D3B8B285389BC007B2881 /* Bool.swift */,
				060D3AE7285389BC007B2881 /* BridgeObjectiveC.swift */,
				060D3B30285389BC007B2881 /* BridgeStorage.swift */,
				060D3AEB285389BC007B2881 /* BridgingBuffer.swift */,
				060D3B93285389BC007B2881 /* Builtin.swift */,
				060D3B39285389BC007B2881 /* BuiltinMath.swift */,
				060D3B1F285389BC007B2881 /* Character.swift */,
				060D3B83285389BC007B2881 /* CharacterProperties.swift */,
				060D3B5A285389BC007B2881 /* ClosedRange.swift */,
				060D3B9B285389BC007B2881 /* CocoaArray.swift */,
				060D3B47285389BC007B2881 /* Codable.swift */,
				060D3AFD285389BC007B2881 /* Collection.swift */,
				060D3B0C285389BC007B2881 /* CollectionAlgorithms.swift */,
				060D3AED285389BC007B2881 /* CollectionDifference.swift */,
				060D3B63285389BC007B2881 /* CollectionOfOne.swift */,
				060D3B05285389BC007B2881 /* CommandLine.swift */,
				060D3B04285389BC007B2881 /* Comparable.swift */,
				060D3B54285389BC007B2881 /* CompilerProtocols.swift */,
				060D3B98285389BC007B2881 /* ContiguousArray.swift */,
				060D3BA3285389BC007B2881 /* ContiguousArrayBuffer.swift */,
				060D3B17285389BC007B2881 /* ContiguouslyStored.swift */,
				060D3B02285389BC007B2881 /* CString.swift */,
				060D3B84285389BC007B2881 /* CTypes.swift */,
				060D3B22285389BC007B2881 /* DebuggerSupport.swift */,
				060D3B5E285389BC007B2881 /* Dictionary.swift */,
				060D3B7A285389BC007B2881 /* DictionaryBridging.swift */,
				060D3B3C285389BC007B2881 /* DictionaryBuilder.swift */,
				060D3B4D285389BC007B2881 /* DictionaryCasting.swift */,
				060D3AEF285389BC007B2881 /* DictionaryStorage.swift */,
				060D3B8A285389BC007B2881 /* DictionaryVariant.swift */,
				060D3AEC285389BC007B2881 /* Diffing.swift */,
				060D3B88285389BC007B2881 /* DropWhile.swift */,
				060D3B1B285389BC007B2881 /* Dump.swift */,
				060D3BA0285389BC007B2881 /* Duration.swift */,
				060D3B61285389BC007B2881 /* DurationProtocol.swift */,
				060D3B62285389BC007B2881 /* EitherSequence.swift */,
				060D3AF2285389BC007B2881 /* EmptyCollection.swift */,
				060D3B52285389BC007B2881 /* Equatable.swift */,
				060D3B6D285389BC007B2881 /* ErrorType.swift */,
				060D3B86285389BC007B2881 /* ExistentialCollection.swift */,
				060D3B6B285389BC007B2881 /* Filter.swift */,
				060D3B76285389BC007B2881 /* FixedArray.swift */,
				060D3B28285389BC007B2881 /* FlatMap.swift */,
				060D3B67285389BC007B2881 /* Flatten.swift */,
				060D3B45285389BC007B2881 /* FloatingPoint.swift */,
				060D3B51285389BC007B2881 /* FloatingPointRandom.swift */,
				060D3AEA285389BC007B2881 /* Hashable.swift */,
				060D3B49285389BC007B2881 /* Hasher.swift */,
				060D3B8F285389BC007B2881 /* Hashing.swift */,
				060D3B56285389BC007B2881 /* HashTable.swift */,
				060D3B6F285389BC007B2881 /* Identifiable.swift */,
				060D3B41285389BC007B2881 /* Indices.swift */,
				060D3B53285389BC007B2881 /* InputStream.swift */,
				060D3B20285389BC007B2881 /* Instant.swift */,
				060D3AF3285389BC007B2881 /* IntegerParsing.swift */,
				060D3AE5285389BC007B2881 /* Integers.swift */,
				060D3B03285389BC007B2881 /* Join.swift */,
				060D3B75285389BC007B2881 /* KeyPath.swift */,
				060D3B0F285389BC007B2881 /* KeyValuePairs.swift */,
				060D3BA5285389BC007B2881 /* LazyCollection.swift */,
				060D3B79285389BC007B2881 /* LazySequence.swift */,
				060D3B10285389BC007B2881 /* LegacyABI.swift */,
				060D3AE6285389BC007B2881 /* LifetimeManager.swift */,
				060D3B06285389BC007B2881 /* ManagedBuffer.swift */,
				060D3B89285389BC007B2881 /* Map.swift */,
				060D3AF6285389BC007B2881 /* MemoryLayout.swift */,
				060D3B1E285389BC007B2881 /* MigrationSupport.swift */,
				060D3B68285389BC007B2881 /* Mirror.swift */,
				060D3AF1285389BC007B2881 /* Mirrors.swift */,
				060D3B36285389BC007B2881 /* Misc.swift */,
				060D3AE2285389BC007B2881 /* MutableCollection.swift */,
				060D3AEE285389BC007B2881 /* NativeDictionary.swift */,
				060D3B5C285389BC007B2881 /* NativeSet.swift */,
				060D3B99285389BC007B2881 /* NewtypeWrapper.swift */,
				060D3B55285389BC007B2881 /* NFC.swift */,
				060D3B96285389BC007B2881 /* NFD.swift */,
				060D3B58285389BC007B2881 /* ObjectIdentifier.swift */,
				060D3B92285389BC007B2881 /* Optional.swift */,
				060D3B5D285389BC007B2881 /* OptionSet.swift */,
				060D3B7E285389BC007B2881 /* OutputStream.swift */,
				060D3B33285389BC007B2881 /* PlaygroundDisplay.swift */,
				060D3AF9285389BC007B2881 /* Pointer.swift */,
				060D3B16285389BC007B2881 /* Policy.swift */,
				060D3AE9285389BC007B2881 /* PrefixWhile.swift */,
				060D3B85285389BC007B2881 /* Prespecialize.swift */,
				060D3AD8285389BC007B2881 /* Print.swift */,
				060D3B4F285389BC007B2881 /* PtrAuth.swift */,
				060D3AE4285389BC007B2881 /* Random.swift */,
				060D3AE3285389BC007B2881 /* RandomAccessCollection.swift */,
				060D3B38285389BC007B2881 /* Range.swift */,
				060D3B9C285389BC007B2881 /* RangeReplaceableCollection.swift */,
				060D3B31285389BC007B2881 /* ReflectionMirror.swift */,
				060D3B43285389BC007B2881 /* Repeat.swift */,
				060D3B59285389BC007B2881 /* REPL.swift */,
				060D3B29285389BC007B2881 /* Result.swift */,
				060D3B42285389BC007B2881 /* Reverse.swift */,
				060D3B11285389BC007B2881 /* Runtime.swift */,
				060D3B1D285389BC007B2881 /* RuntimeFunctionCounters.swift */,
				060D3B9A285389BC007B2881 /* Sendable.swift */,
				060D3B32285389BC007B2881 /* Sequence.swift */,
				060D3B64285389BC007B2881 /* SequenceAlgorithms.swift */,
				060D3B97285389BC007B2881 /* Set.swift */,
				060D3B4A285389BC007B2881 /* SetAlgebra.swift */,
				060D3AE1285389BC007B2881 /* SetAnyHashableExtensions.swift */,
				060D3B7F285389BC007B2881 /* SetBridging.swift */,
				060D3AFC285389BC007B2881 /* SetBuilder.swift */,
				060D3B7D285389BC007B2881 /* SetCasting.swift */,
				060D3B18285389BC007B2881 /* SetStorage.swift */,
				060D3B48285389BC007B2881 /* SetVariant.swift */,
				060D3AFE285389BC007B2881 /* ShadowProtocols.swift */,
				060D3BA1285389BC007B2881 /* Shims.swift */,
				060D3B01285389BC007B2881 /* SIMDVector.swift */,
				060D3B8E285389BC007B2881 /* SipHash.swift */,
				060D3B66285389BC007B2881 /* Slice.swift */,
				060D3B0E285389BC007B2881 /* SliceBuffer.swift */,
				060D3B44285389BC007B2881 /* SmallString.swift */,
				060D3B57285389BC007B2881 /* Sort.swift */,
				060D3B5B285389BC007B2881 /* StaticPrint.swift */,
				060D3B12285389BC007B2881 /* StaticString.swift */,
				060D3B9F285389BC007B2881 /* Stride.swift */,
				060D3B6C285389BC007B2881 /* String.swift */,
				060D3AFB285389BC007B2881 /* StringBreadcrumbs.swift */,
				060D3B07285389BC007B2881 /* StringBridge.swift */,
				060D3B72285389BC007B2881 /* StringCharacterView.swift */,
				060D3AFA285389BC007B2881 /* StringComparable.swift */,
				060D3B2F285389BC007B2881 /* StringComparison.swift */,
				060D3B8C285389BC007B2881 /* StringCreate.swift */,
				060D3B9E285389BC007B2881 /* StringGraphemeBreaking.swift */,
				060D3B23285389BC007B2881 /* StringGuts.swift */,
				060D3B46285389BC007B2881 /* StringGutsRangeReplaceable.swift */,
				060D3ADF285389BC007B2881 /* StringGutsSlice.swift */,
				060D3B80285389BC007B2881 /* StringHashable.swift */,
				060D3B87285389BC007B2881 /* StringIndex.swift */,
				060D3AF0285389BC007B2881 /* StringIndexConversions.swift */,
				060D3B65285389BC007B2881 /* StringIndexValidation.swift */,
				060D3B2E285389BC007B2881 /* StringInterpolation.swift */,
				060D3B35285389BC007B2881 /* StringLegacy.swift */,
				060D3B27285389BC007B2881 /* StringNormalization.swift */,
				060D3BA2285389BC007B2881 /* StringObject.swift */,
				060D3B81285389BC007B2881 /* StringProtocol.swift */,
				060D3B2D285389BC007B2881 /* StringRangeReplaceableCollection.swift */,
				060D3BA4285389BC007B2881 /* StringStorage.swift */,
				060D3B6E285389BC007B2881 /* StringStorageBridge.swift */,
				060D3B71285389BC007B2881 /* StringSwitch.swift */,
				060D3B1A285389BC007B2881 /* StringTesting.swift */,
				060D3B2B285389BC007B2881 /* StringUnicodeScalarView.swift */,
				060D3ADC285389BC007B2881 /* StringUTF8Validation.swift */,
				060D3B19285389BC007B2881 /* StringUTF8View.swift */,
				060D3B5F285389BC007B2881 /* StringUTF16View.swift */,
				060D3B3A285389BC007B2881 /* Substring.swift */,
				060D3B0D285389BC007B2881 /* SwiftNativeNSArray.swift */,
				060D3B34285389BC007B2881 /* TemporaryAllocation.swift */,
				060D3ADB285389BC007B2881 /* ThreadLocalStorage.swift */,
				060D3AE0285389BC007B2881 /* UIntBuffer.swift */,
				060D3B70285389BC007B2881 /* UnavailableStringAPIs.swift */,
				060D3B90285389BC007B2881 /* UnfoldSequence.swift */,
				060D3AF7285389BC007B2881 /* Unicode.swift */,
				060D3B2C285389BC007B2881 /* UnicodeData.swift */,
				060D3B26285389BC007B2881 /* UnicodeEncoding.swift */,
				060D3B0A285389BC007B2881 /* UnicodeGraphemeBreakProperty.swift */,
				060D3B08285389BC007B2881 /* UnicodeHelpers.swift */,
				060D3B77285389BC007B2881 /* UnicodeParser.swift */,
				060D3B78285389BC007B2881 /* UnicodeScalar.swift */,
				060D3AD9285389BC007B2881 /* UnicodeScalarProperties.swift */,
				060D3ADD285389BC007B2881 /* UnicodeSPI.swift */,
				060D3B13285389BC007B2881 /* Unmanaged.swift */,
				060D3B14285389BC007B2881 /* UnmanagedOpaqueString.swift */,
				060D3B9D285389BC007B2881 /* UnmanagedString.swift */,
				060D3B95285389BC007B2881 /* UnsafePointer.swift */,
				060D3ADA285389BC007B2881 /* UnsafeRawPointer.swift */,
				060D3B73285389BC007B2881 /* UTF8.swift */,
				060D3B50285389BC007B2881 /* UTF16.swift */,
				060D3B4C285389BC007B2881 /* UTF32.swift */,
				060D3B74285389BC007B2881 /* UTFEncoding.swift */,
				060D3B91285389BC007B2881 /* ValidUTF8Buffer.swift */,
				060D3B15285389BC007B2881 /* VarArgs.swift */,
				060D3B3B285389BC007B2881 /* WriteBackMutableSlice.swift */,
				060D3B7B285389BC007B2881 /* Zip.swift */,
				060D3AF5285389BC007B2881 /* CMakeLists.txt */,
			);
			name = core;
			path = ../../../public/core;
			sourceTree = "<group>";
		};
/* End PBXGroup section */

/* Begin PBXNativeTarget section */
		060D3ACC2853899C007B2881 /* SwiftCore */ = {
			isa = PBXNativeTarget;
			buildConfigurationList = 060D3AD42853899C007B2881 /* Build configuration list for PBXNativeTarget "SwiftCore" */;
			buildPhases = (
				060D3AC92853899C007B2881 /* Sources */,
				060D3ACA2853899C007B2881 /* Frameworks */,
				060D3ACB2853899C007B2881 /* CopyFiles */,
			);
			buildRules = (
			);
			dependencies = (
			);
			name = SwiftCore;
			productName = SwiftCore;
			productReference = 060D3ACD2853899C007B2881 /* SwiftCore */;
			productType = "com.apple.product-type.tool";
		};
/* End PBXNativeTarget section */

/* Begin PBXProject section */
		060D3AC52853899C007B2881 /* Project object */ = {
			isa = PBXProject;
			attributes = {
				BuildIndependentTargetsInParallel = 1;
				LastSwiftUpdateCheck = 1340;
				LastUpgradeCheck = 1340;
				TargetAttributes = {
					060D3ACC2853899C007B2881 = {
						CreatedOnToolsVersion = 13.4.1;
					};
				};
			};
			buildConfigurationList = 060D3AC82853899C007B2881 /* Build configuration list for PBXProject "SwiftCore" */;
			compatibilityVersion = "Xcode 13.0";
			developmentRegion = en;
			hasScannedForEncodings = 0;
			knownRegions = (
				en,
				Base,
			);
			mainGroup = 060D3AC42853899C007B2881;
			productRefGroup = 060D3ACE2853899C007B2881 /* Products */;
			projectDirPath = "";
			projectRoot = "";
			targets = (
				060D3ACC2853899C007B2881 /* SwiftCore */,
			);
		};
/* End PBXProject section */

/* Begin PBXSourcesBuildPhase section */
		060D3AC92853899C007B2881 /* Sources */ = {
			isa = PBXSourcesBuildPhase;
			buildActionMask = 2147483647;
			files = (
				060D3AD12853899C007B2881 /* main.swift in Sources */,
			);
			runOnlyForDeploymentPostprocessing = 0;
		};
/* End PBXSourcesBuildPhase section */

/* Begin XCBuildConfiguration section */
		060D3AD22853899C007B2881 /* Debug */ = {
			isa = XCBuildConfiguration;
			buildSettings = {
				ALWAYS_SEARCH_USER_PATHS = NO;
				CLANG_ANALYZER_NONNULL = YES;
				CLANG_ANALYZER_NUMBER_OBJECT_CONVERSION = YES_AGGRESSIVE;
				CLANG_CXX_LANGUAGE_STANDARD = "gnu++17";
				CLANG_ENABLE_MODULES = YES;
				CLANG_ENABLE_OBJC_ARC = YES;
				CLANG_ENABLE_OBJC_WEAK = YES;
				CLANG_WARN_BLOCK_CAPTURE_AUTORELEASING = YES;
				CLANG_WARN_BOOL_CONVERSION = YES;
				CLANG_WARN_COMMA = YES;
				CLANG_WARN_CONSTANT_CONVERSION = YES;
				CLANG_WARN_DEPRECATED_OBJC_IMPLEMENTATIONS = YES;
				CLANG_WARN_DIRECT_OBJC_ISA_USAGE = YES_ERROR;
				CLANG_WARN_DOCUMENTATION_COMMENTS = YES;
				CLANG_WARN_EMPTY_BODY = YES;
				CLANG_WARN_ENUM_CONVERSION = YES;
				CLANG_WARN_INFINITE_RECURSION = YES;
				CLANG_WARN_INT_CONVERSION = YES;
				CLANG_WARN_NON_LITERAL_NULL_CONVERSION = YES;
				CLANG_WARN_OBJC_IMPLICIT_RETAIN_SELF = YES;
				CLANG_WARN_OBJC_LITERAL_CONVERSION = YES;
				CLANG_WARN_OBJC_ROOT_CLASS = YES_ERROR;
				CLANG_WARN_QUOTED_INCLUDE_IN_FRAMEWORK_HEADER = YES;
				CLANG_WARN_RANGE_LOOP_ANALYSIS = YES;
				CLANG_WARN_STRICT_PROTOTYPES = YES;
				CLANG_WARN_SUSPICIOUS_MOVE = YES;
				CLANG_WARN_UNGUARDED_AVAILABILITY = YES_AGGRESSIVE;
				CLANG_WARN_UNREACHABLE_CODE = YES;
				CLANG_WARN__DUPLICATE_METHOD_MATCH = YES;
				COPY_PHASE_STRIP = NO;
				DEBUG_INFORMATION_FORMAT = dwarf;
				ENABLE_STRICT_OBJC_MSGSEND = YES;
				ENABLE_TESTABILITY = YES;
				GCC_C_LANGUAGE_STANDARD = gnu11;
				GCC_DYNAMIC_NO_PIC = NO;
				GCC_NO_COMMON_BLOCKS = YES;
				GCC_OPTIMIZATION_LEVEL = 0;
				GCC_PREPROCESSOR_DEFINITIONS = (
					"DEBUG=1",
					"$(inherited)",
				);
				GCC_WARN_64_TO_32_BIT_CONVERSION = YES;
				GCC_WARN_ABOUT_RETURN_TYPE = YES_ERROR;
				GCC_WARN_UNDECLARED_SELECTOR = YES;
				GCC_WARN_UNINITIALIZED_AUTOS = YES_AGGRESSIVE;
				GCC_WARN_UNUSED_FUNCTION = YES;
				GCC_WARN_UNUSED_VARIABLE = YES;
				MACOSX_DEPLOYMENT_TARGET = 12.3;
				MTL_ENABLE_DEBUG_INFO = INCLUDE_SOURCE;
				MTL_FAST_MATH = YES;
				ONLY_ACTIVE_ARCH = YES;
				SDKROOT = macosx;
				SWIFT_ACTIVE_COMPILATION_CONDITIONS = DEBUG;
				SWIFT_OPTIMIZATION_LEVEL = "-Onone";
			};
			name = Debug;
		};
		060D3AD32853899C007B2881 /* Release */ = {
			isa = XCBuildConfiguration;
			buildSettings = {
				ALWAYS_SEARCH_USER_PATHS = NO;
				CLANG_ANALYZER_NONNULL = YES;
				CLANG_ANALYZER_NUMBER_OBJECT_CONVERSION = YES_AGGRESSIVE;
				CLANG_CXX_LANGUAGE_STANDARD = "gnu++17";
				CLANG_ENABLE_MODULES = YES;
				CLANG_ENABLE_OBJC_ARC = YES;
				CLANG_ENABLE_OBJC_WEAK = YES;
				CLANG_WARN_BLOCK_CAPTURE_AUTORELEASING = YES;
				CLANG_WARN_BOOL_CONVERSION = YES;
				CLANG_WARN_COMMA = YES;
				CLANG_WARN_CONSTANT_CONVERSION = YES;
				CLANG_WARN_DEPRECATED_OBJC_IMPLEMENTATIONS = YES;
				CLANG_WARN_DIRECT_OBJC_ISA_USAGE = YES_ERROR;
				CLANG_WARN_DOCUMENTATION_COMMENTS = YES;
				CLANG_WARN_EMPTY_BODY = YES;
				CLANG_WARN_ENUM_CONVERSION = YES;
				CLANG_WARN_INFINITE_RECURSION = YES;
				CLANG_WARN_INT_CONVERSION = YES;
				CLANG_WARN_NON_LITERAL_NULL_CONVERSION = YES;
				CLANG_WARN_OBJC_IMPLICIT_RETAIN_SELF = YES;
				CLANG_WARN_OBJC_LITERAL_CONVERSION = YES;
				CLANG_WARN_OBJC_ROOT_CLASS = YES_ERROR;
				CLANG_WARN_QUOTED_INCLUDE_IN_FRAMEWORK_HEADER = YES;
				CLANG_WARN_RANGE_LOOP_ANALYSIS = YES;
				CLANG_WARN_STRICT_PROTOTYPES = YES;
				CLANG_WARN_SUSPICIOUS_MOVE = YES;
				CLANG_WARN_UNGUARDED_AVAILABILITY = YES_AGGRESSIVE;
				CLANG_WARN_UNREACHABLE_CODE = YES;
				CLANG_WARN__DUPLICATE_METHOD_MATCH = YES;
				COPY_PHASE_STRIP = NO;
				DEBUG_INFORMATION_FORMAT = "dwarf-with-dsym";
				ENABLE_NS_ASSERTIONS = NO;
				ENABLE_STRICT_OBJC_MSGSEND = YES;
				GCC_C_LANGUAGE_STANDARD = gnu11;
				GCC_NO_COMMON_BLOCKS = YES;
				GCC_WARN_64_TO_32_BIT_CONVERSION = YES;
				GCC_WARN_ABOUT_RETURN_TYPE = YES_ERROR;
				GCC_WARN_UNDECLARED_SELECTOR = YES;
				GCC_WARN_UNINITIALIZED_AUTOS = YES_AGGRESSIVE;
				GCC_WARN_UNUSED_FUNCTION = YES;
				GCC_WARN_UNUSED_VARIABLE = YES;
				MACOSX_DEPLOYMENT_TARGET = 12.3;
				MTL_ENABLE_DEBUG_INFO = NO;
				MTL_FAST_MATH = YES;
				SDKROOT = macosx;
				SWIFT_COMPILATION_MODE = wholemodule;
				SWIFT_OPTIMIZATION_LEVEL = "-O";
			};
			name = Release;
		};
		060D3AD52853899C007B2881 /* Debug */ = {
			isa = XCBuildConfiguration;
			buildSettings = {
				CODE_SIGN_STYLE = Automatic;
				DEVELOPMENT_TEAM = GAJJ4F72ZK;
				ENABLE_HARDENED_RUNTIME = YES;
				PRODUCT_NAME = "$(TARGET_NAME)";
				SWIFT_VERSION = 5.0;
			};
			name = Debug;
		};
		060D3AD62853899C007B2881 /* Release */ = {
			isa = XCBuildConfiguration;
			buildSettings = {
				CODE_SIGN_STYLE = Automatic;
				DEVELOPMENT_TEAM = GAJJ4F72ZK;
				ENABLE_HARDENED_RUNTIME = YES;
				PRODUCT_NAME = "$(TARGET_NAME)";
				SWIFT_VERSION = 5.0;
			};
			name = Release;
		};
/* End XCBuildConfiguration section */

/* Begin XCConfigurationList section */
		060D3AC82853899C007B2881 /* Build configuration list for PBXProject "SwiftCore" */ = {
			isa = XCConfigurationList;
			buildConfigurations = (
				060D3AD22853899C007B2881 /* Debug */,
				060D3AD32853899C007B2881 /* Release */,
			);
			defaultConfigurationIsVisible = 0;
			defaultConfigurationName = Release;
		};
		060D3AD42853899C007B2881 /* Build configuration list for PBXNativeTarget "SwiftCore" */ = {
			isa = XCConfigurationList;
			buildConfigurations = (
				060D3AD52853899C007B2881 /* Debug */,
				060D3AD62853899C007B2881 /* Release */,
			);
			defaultConfigurationIsVisible = 0;
			defaultConfigurationName = Release;
		};
/* End XCConfigurationList section */
	};
	rootObject = 060D3AC52853899C007B2881 /* Project object */;
}
